{
  "name": "@my-npm7-workspace/monorepo",
  "version": "1.0.0",
  "lockfileVersion": 2,
  "requires": true,
  "packages": {
    "": {
      "name": "@my-npm7-workspace/monorepo",
      "version": "1.0.0",
      "license": "ISC",
      "workspaces": [
        "./packages/*"
      ],
      "engines": {
        "node": ">=15.x.x",
        "npm": ">=7.x.x"
      }
    },
    "node_modules/@my-npm7-workspace/ui-library": {
      "resolved": "packages/ui-library",
      "link": true
    },
    "packages/ui-library": {
      "version": "1.0.0",
      "license": "ISC"
    }
  },
  "dependencies": {
    "@my-npm7-workspace/ui-library": {
      "version": "file:packages/ui-library"
    }
  }
}
